// !$*UTF8*$!
{
	archiveVersion = 1;
	classes = {
	};
	objectVersion = 56;
	objects = {

/* Begin PBXBuildFile section */
		E067D00F2F04FFA50091B6D5 /* HealthPiApp.swift in Sources */ = {isa = PBXBuildFile; fileRef = E067D00E2F04FFA50091B6D5 /* HealthPiApp.swift */; };
		E067D0112F04FFA50091B6D5 /* ContentView.swift in Sources */ = {isa = PBXBuildFile; fileRef = E067D0102F04FFA50091B6D5 /* ContentView.swift */; };
		E067D0132F04FFA50091B6D5 /* Item.swift in Sources */ = {isa = PBXBuildFile; fileRef = E067D0122F04FFA50091B6D5 /* Item.swift */; };
		E067D0152F04FFA80091B6D5 /* Assets.xcassets in Resources */ = {isa = PBXBuildFile; fileRef = E067D0142F04FFA80091B6D5 /* Assets.xcassets */; };
		E067D0182F04FFA80091B6D5 /* Preview Assets.xcassets in Resources */ = {isa = PBXBuildFile; fileRef = E067D0172F04FFA80091B6D5 /* Preview Assets.xcassets */; };
		E067D0222F04FFA80091B6D5 /* HealthPiTests.swift in Sources */ = {isa = PBXBuildFile; fileRef = E067D0212F04FFA80091B6D5 /* HealthPiTests.swift */; };
		E067D02C2F04FFA80091B6D5 /* HealthPiUITests.swift in Sources */ = {isa = PBXBuildFile; fileRef = E067D02B2F04FFA80091B6D5 /* HealthPiUITests.swift */; };
		E067D02E2F04FFA80091B6D5 /* HealthPiUITestsLaunchTests.swift in Sources */ = {isa = PBXBuildFile; fileRef = E067D02D2F04FFA80091B6D5 /* HealthPiUITestsLaunchTests.swift */; };
/* End PBXBuildFile section */

/* Begin PBXContainerItemProxy section */
		E067D01E2F04FFA80091B6D5 /* PBXContainerItemProxy */ = {
			isa = PBXContainerItemProxy;
			containerPortal = E067D0032F04FFA50091B6D5 /* Project object */;
			proxyType = 1;
			remoteGlobalIDString = E067D00A2F04FFA50091B6D5;
			remoteInfo = HealthPi;
		};
		E067D0282F04FFA80091B6D5 /* PBXContainerItemProxy */ = {
			isa = PBXContainerItemProxy;
			containerPortal = E067D0032F04FFA50091B6D5 /* Project object */;
			proxyType = 1;
			remoteGlobalIDString = E067D00A2F04FFA50091B6D5;
			remoteInfo = HealthPi;
		};
/* End PBXContainerItemProxy section */

/* Begin PBXFileReference section */
		E067D00B2F04FFA50091B6D5 /* HealthPi.app */ = {isa = PBXFileReference; explicitFileType = wrapper.application; includeInIndex = 0; path = HealthPi.app; sourceTree = BUILT_PRODUCTS_DIR; };
		E067D00E2F04FFA50091B6D5 /* HealthPiApp.swift */ = {isa = PBXFileReference; lastKnownFileType = sourcecode.swift; path = HealthPiApp.swift; sourceTree = "<group>"; };
		E067D0102F04FFA50091B6D5 /* ContentView.swift */ = {isa = PBXFileReference; lastKnownFileType = sourcecode.swift; path = ContentView.swift; sourceTree = "<group>"; };
		E067D0122F04FFA50091B6D5 /* Item.swift */ = {isa = PBXFileReference; lastKnownFileType = sourcecode.swift; path = Item.swift; sourceTree = "<group>"; };
		E067D0142F04FFA80091B6D5 /* Assets.xcassets */ = {isa = PBXFileReference; lastKnownFileType = folder.assetcatalog; path = Assets.xcassets; sourceTree = "<group>"; };
		E067D0172F04FFA80091B6D5 /* Preview Assets.xcassets */ = {isa = PBXFileReference; lastKnownFileType = folder.assetcatalog; path = "Preview Assets.xcassets"; sourceTree = "<group>"; };
		E067D01D2F04FFA80091B6D5 /* HealthPiTests.xctest */ = {isa = PBXFileReference; explicitFileType = wrapper.cfbundle; includeInIndex = 0; path = HealthPiTests.xctest; sourceTree = BUILT_PRODUCTS_DIR; };
		E067D0212F04FFA80091B6D5 /* HealthPiTests.swift */ = {isa = PBXFileReference; lastKnownFileType = sourcecode.swift; path = HealthPiTests.swift; sourceTree = "<group>"; };
		E067D0272F04FFA80091B6D5 /* HealthPiUITests.xctest */ = {isa = PBXFileReference; explicitFileType = wrapper.cfbundle; includeInIndex = 0; path = HealthPiUITests.xctest; sourceTree = BUILT_PRODUCTS_DIR; };
		E067D02B2F04FFA80091B6D5 /* HealthPiUITests.swift */ = {isa = PBXFileReference; lastKnownFileType = sourcecode.swift; path = HealthPiUITests.swift; sourceTree = "<group>"; };
		E067D02D2F04FFA80091B6D5 /* HealthPiUITestsLaunchTests.swift */ = {isa = PBXFileReference; lastKnownFileType = sourcecode.swift; path = HealthPiUITestsLaunchTests.swift; sourceTree = "<group>"; };
/* End PBXFileReference section */

/* Begin PBXFrameworksBuildPhase section */
		E067D0082F04FFA50091B6D5 /* Frameworks */ = {
			isa = PBXFrameworksBuildPhase;
			buildActionMask = 2147483647;
			files = (
			);
			runOnlyForDeploymentPostprocessing = 0;
		};
		E067D01A2F04FFA80091B6D5 /* Frameworks */ = {
			isa = PBXFrameworksBuildPhase;
			buildActionMask = 2147483647;
			files = (
			);
			runOnlyForDeploymentPostprocessing = 0;
		};
		E067D0242F04FFA80091B6D5 /* Frameworks */ = {
			isa = PBXFrameworksBuildPhase;
			buildActionMask = 2147483647;
			files = (
			);
			runOnlyForDeploymentPostprocessing = 0;
		};
/* End PBXFrameworksBuildPhase section */

/* Begin PBXGroup section */
		E067D0022F04FFA50091B6D5 = {
			isa = PBXGroup;
			children = (
				E067D00D2F04FFA50091B6D5 /* HealthPi */,
				E067D0202F04FFA80091B6D5 /* HealthPiTests */,
				E067D02A2F04FFA80091B6D5 /* HealthPiUITests */,
				E067D00C2F04FFA50091B6D5 /* Products */,
			);
			sourceTree = "<group>";
		};
		E067D00C2F04FFA50091B6D5 /* Products */ = {
			isa = PBXGroup;
			children = (
				E067D00B2F04FFA50091B6D5 /* HealthPi.app */,
				E067D01D2F04FFA80091B6D5 /* HealthPiTests.xctest */,
				E067D0272F04FFA80091B6D5 /* HealthPiUITests.xctest */,
			);
			name = Products;
			sourceTree = "<group>";
		};
		E067D00D2F04FFA50091B6D5 /* HealthPi */ = {
			isa = PBXGroup;
			children = (
				E067D00E2F04FFA50091B6D5 /* HealthPiApp.swift */,
				E067D0102F04FFA50091B6D5 /* ContentView.swift */,
				E067D0122F04FFA50091B6D5 /* Item.swift */,
				E067D0142F04FFA80091B6D5 /* Assets.xcassets */,
				E067D0162F04FFA80091B6D5 /* Preview Content */,
			);
			path = HealthPi;
			sourceTree = "<group>";
		};
		E067D0162F04FFA80091B6D5 /* Preview Content */ = {
			isa = PBXGroup;
			children = (
				E067D0172F04FFA80091B6D5 /* Preview Assets.xcassets */,
			);
			path = "Preview Content";
			sourceTree = "<group>";
		};
		E067D0202F04FFA80091B6D5 /* HealthPiTests */ = {
			isa = PBXGroup;
			children = (
				E067D0212F04FFA80091B6D5 /* HealthPiTests.swift */,
			);
			path = HealthPiTests;
			sourceTree = "<group>";
		};
		E067D02A2F04FFA80091B6D5 /* HealthPiUITests */ = {
			isa = PBXGroup;
			children = (
				E067D02B2F04FFA80091B6D5 /* HealthPiUITests.swift */,
				E067D02D2F04FFA80091B6D5 /* HealthPiUITestsLaunchTests.swift */,
			);
			path = HealthPiUITests;
			sourceTree = "<group>";
		};
/* End PBXGroup section */

/* Begin PBXNativeTarget section */
		E067D00A2F04FFA50091B6D5 /* HealthPi */ = {
			isa = PBXNativeTarget;
			buildConfigurationList = E067D0312F04FFA80091B6D5 /* Build configuration list for PBXNativeTarget "HealthPi" */;
			buildPhases = (
				E067D0072F04FFA50091B6D5 /* Sources */,
				E067D0082F04FFA50091B6D5 /* Frameworks */,
				E067D0092F04FFA50091B6D5 /* Resources */,
			);
			buildRules = (
			);
			dependencies = (
			);
			name = HealthPi;
			productName = HealthPi;
			productReference = E067D00B2F04FFA50091B6D5 /* HealthPi.app */;
			productType = "com.apple.product-type.application";
		};
		E067D01C2F04FFA80091B6D5 /* HealthPiTests */ = {
			isa = PBXNativeTarget;
			buildConfigurationList = E067D0342F04FFA80091B6D5 /* Build configuration list for PBXNativeTarget "HealthPiTests" */;
			buildPhases = (
				E067D0192F04FFA80091B6D5 /* Sources */,
				E067D01A2F04FFA80091B6D5 /* Frameworks */,
				E067D01B2F04FFA80091B6D5 /* Resources */,
			);
			buildRules = (
			);
			dependencies = (
				E067D01F2F04FFA80091B6D5 /* PBXTargetDependency */,
			);
			name = HealthPiTests;
			productName = HealthPiTests;
			productReference = E067D01D2F04FFA80091B6D5 /* HealthPiTests.xctest */;
			productType = "com.apple.product-type.bundle.unit-test";
		};
		E067D0262F04FFA80091B6D5 /* HealthPiUITests */ = {
			isa = PBXNativeTarget;
			buildConfigurationList = E067D0372F04FFA80091B6D5 /* Build configuration list for PBXNativeTarget "HealthPiUITests" */;
			buildPhases = (
				E067D0232F04FFA80091B6D5 /* Sources */,
				E067D0242F04FFA80091B6D5 /* Frameworks */,
				E067D0252F04FFA80091B6D5 /* Resources */,
			);
			buildRules = (
			);
			dependencies = (
				E067D0292F04FFA80091B6D5 /* PBXTargetDependency */,
			);
			name = HealthPiUITests;
			productName = HealthPiUITests;
			productReference = E067D0272F04FFA80091B6D5 /* HealthPiUITests.xctest */;
			productType = "com.apple.product-type.bundle.ui-testing";
		};
/* End PBXNativeTarget section */

/* Begin PBXProject section */
		E067D0032F04FFA50091B6D5 /* Project object */ = {
			isa = PBXProject;
			attributes = {
				BuildIndependentTargetsInParallel = 1;
				LastSwiftUpdateCheck = 1520;
				LastUpgradeCheck = 1520;
				TargetAttributes = {
					E067D00A2F04FFA50091B6D5 = {
						CreatedOnToolsVersion = 15.2;
					};
					E067D01C2F04FFA80091B6D5 = {
						CreatedOnToolsVersion = 15.2;
						TestTargetID = E067D00A2F04FFA50091B6D5;
					};
					E067D0262F04FFA80091B6D5 = {
						CreatedOnToolsVersion = 15.2;
						TestTargetID = E067D00A2F04FFA50091B6D5;
					};
				};
			};
			buildConfigurationList = E067D0062F04FFA50091B6D5 /* Build configuration list for PBXProject "HealthPi" */;
			compatibilityVersion = "Xcode 14.0";
			developmentRegion = en;
			hasScannedForEncodings = 0;
			knownRegions = (
				en,
				Base,
			);
			mainGroup = E067D0022F04FFA50091B6D5;
			productRefGroup = E067D00C2F04FFA50091B6D5 /* Products */;
			projectDirPath = "";
			projectRoot = "";
			targets = (
				E067D00A2F04FFA50091B6D5 /* HealthPi */,
				E067D01C2F04FFA80091B6D5 /* HealthPiTests */,
				E067D0262F04FFA80091B6D5 /* HealthPiUITests */,
			);
		};
/* End PBXProject section */

/* Begin PBXResourcesBuildPhase section */
		E067D0092F04FFA50091B6D5 /* Resources */ = {
			isa = PBXResourcesBuildPhase;
			buildActionMask = 2147483647;
			files = (
				E067D0182F04FFA80091B6D5 /* Preview Assets.xcassets in Resources */,
				E067D0152F04FFA80091B6D5 /* Assets.xcassets in Resources */,
			);
			runOnlyForDeploymentPostprocessing = 0;
		};
		E067D01B2F04FFA80091B6D5 /* Resources */ = {
			isa = PBXResourcesBuildPhase;
			buildActionMask = 2147483647;
			files = (
			);
			runOnlyForDeploymentPostprocessing = 0;
		};
		E067D0252F04FFA80091B6D5 /* Resources */ = {
			isa = PBXResourcesBuildPhase;
			buildActionMask = 2147483647;
			files = (
			);
			runOnlyForDeploymentPostprocessing = 0;
		};
/* End PBXResourcesBuildPhase section */

/* Begin PBXSourcesBuildPhase section */
		E067D0072F04FFA50091B6D5 /* Sources */ = {
			isa = PBXSourcesBuildPhase;
			buildActionMask = 2147483647;
			files = (
				E067D0112F04FFA50091B6D5 /* ContentView.swift in Sources */,
				E067D0132F04FFA50091B6D5 /* Item.swift in Sources */,
				E067D00F2F04FFA50091B6D5 /* HealthPiApp.swift in Sources */,
			);
			runOnlyForDeploymentPostprocessing = 0;
		};
		E067D0192F04FFA80091B6D5 /* Sources */ = {
			isa = PBXSourcesBuildPhase;
			buildActionMask = 2147483647;
			files = (
				E067D0222F04FFA80091B6D5 /* HealthPiTests.swift in Sources */,
			);
			runOnlyForDeploymentPostprocessing = 0;
		};
		E067D0232F04FFA80091B6D5 /* Sources */ = {
			isa = PBXSourcesBuildPhase;
			buildActionMask = 2147483647;
			files = (
				E067D02E2F04FFA80091B6D5 /* HealthPiUITestsLaunchTests.swift in Sources */,
				E067D02C2F04FFA80091B6D5 /* HealthPiUITests.swift in Sources */,
			);
			runOnlyForDeploymentPostprocessing = 0;
		};
/* End PBXSourcesBuildPhase section */

/* Begin PBXTargetDependency section */
		E067D01F2F04FFA80091B6D5 /* PBXTargetDependency */ = {
			isa = PBXTargetDependency;
			target = E067D00A2F04FFA50091B6D5 /* HealthPi */;
			targetProxy = E067D01E2F04FFA80091B6D5 /* PBXContainerItemProxy */;
		};
		E067D0292F04FFA80091B6D5 /* PBXTargetDependency */ = {
			isa = PBXTargetDependency;
			target = E067D00A2F04FFA50091B6D5 /* HealthPi */;
			targetProxy = E067D0282F04FFA80091B6D5 /* PBXContainerItemProxy */;
		};
/* End PBXTargetDependency section */

/* Begin XCBuildConfiguration section */
		E067D02F2F04FFA80091B6D5 /* Debug */ = {
			isa = XCBuildConfiguration;
			buildSettings = {
				ALWAYS_SEARCH_USER_PATHS = NO;
				ASSETCATALOG_COMPILER_GENERATE_SWIFT_ASSET_SYMBOL_EXTENSIONS = YES;
				CLANG_ANALYZER_NONNULL = YES;
				CLANG_ANALYZER_NUMBER_OBJECT_CONVERSION = YES_AGGRESSIVE;
				CLANG_CXX_LANGUAGE_STANDARD = "gnu++20";
				CLANG_ENABLE_MODULES = YES;
				CLANG_ENABLE_OBJC_ARC = YES;
				CLANG_ENABLE_OBJC_WEAK = YES;
				CLANG_WARN_BLOCK_CAPTURE_AUTORELEASING = YES;
				CLANG_WARN_BOOL_CONVERSION = YES;
				CLANG_WARN_COMMA = YES;
				CLANG_WARN_CONSTANT_CONVERSION = YES;
				CLANG_WARN_DEPRECATED_OBJC_IMPLEMENTATIONS = YES;
				CLANG_WARN_DIRECT_OBJC_ISA_USAGE = YES_ERROR;
				CLANG_WARN_DOCUMENTATION_COMMENTS = YES;
				CLANG_WARN_EMPTY_BODY = YES;
				CLANG_WARN_ENUM_CONVERSION = YES;
				CLANG_WARN_INFINITE_RECURSION = YES;
				CLANG_WARN_INT_CONVERSION = YES;
				CLANG_WARN_NON_LITERAL_NULL_CONVERSION = YES;
				CLANG_WARN_OBJC_IMPLICIT_RETAIN_SELF = YES;
				CLANG_WARN_OBJC_LITERAL_CONVERSION = YES;
				CLANG_WARN_OBJC_ROOT_CLASS = YES_ERROR;
				CLANG_WARN_QUOTED_INCLUDE_IN_FRAMEWORK_HEADER = YES;
				CLANG_WARN_RANGE_LOOP_ANALYSIS = YES;
				CLANG_WARN_STRICT_PROTOTYPES = YES;
				CLANG_WARN_SUSPICIOUS_MOVE = YES;
				CLANG_WARN_UNGUARDED_AVAILABILITY = YES_AGGRESSIVE;
				CLANG_WARN_UNREACHABLE_CODE = YES;
				CLANG_WARN__DUPLICATE_METHOD_MATCH = YES;
				COPY_PHASE_STRIP = NO;
				DEBUG_INFORMATION_FORMAT = dwarf;
				ENABLE_STRICT_OBJC_MSGSEND = YES;
				ENABLE_TESTABILITY = YES;
				ENABLE_USER_SCRIPT_SANDBOXING = YES;
				GCC_C_LANGUAGE_STANDARD = gnu17;
				GCC_DYNAMIC_NO_PIC = NO;
				GCC_NO_COMMON_BLOCKS = YES;
				GCC_OPTIMIZATION_LEVEL = 0;
				GCC_PREPROCESSOR_DEFINITIONS = (
					"DEBUG=1",
					"$(inherited)",
				);
				GCC_WARN_64_TO_32_BIT_CONVERSION = YES;
				GCC_WARN_ABOUT_RETURN_TYPE = YES_ERROR;
				GCC_WARN_UNDECLARED_SELECTOR = YES;
				GCC_WARN_UNINITIALIZED_AUTOS = YES_AGGRESSIVE;
				GCC_WARN_UNUSED_FUNCTION = YES;
				GCC_WARN_UNUSED_VARIABLE = YES;
				IPHONEOS_DEPLOYMENT_TARGET = 17.2;
				LOCALIZATION_PREFERS_STRING_CATALOGS = YES;
				MTL_ENABLE_DEBUG_INFO = INCLUDE_SOURCE;
				MTL_FAST_MATH = YES;
				ONLY_ACTIVE_ARCH = YES;
				SDKROOT = iphoneos;
				SWIFT_ACTIVE_COMPILATION_CONDITIONS = "DEBUG $(inherited)";
				SWIFT_OPTIMIZATION_LEVEL = "-Onone";
			};
			name = Debug;
		};
		E067D0302F04FFA80091B6D5 /* Release */ = {
			isa = XCBuildConfiguration;
			buildSettings = {
				ALWAYS_SEARCH_USER_PATHS = NO;
				ASSETCATALOG_COMPILER_GENERATE_SWIFT_ASSET_SYMBOL_EXTENSIONS = YES;
				CLANG_ANALYZER_NONNULL = YES;
				CLANG_ANALYZER_NUMBER_OBJECT_CONVERSION = YES_AGGRESSIVE;
				CLANG_CXX_LANGUAGE_STANDARD = "gnu++20";
				CLANG_ENABLE_MODULES = YES;
				CLANG_ENABLE_OBJC_ARC = YES;
				CLANG_ENABLE_OBJC_WEAK = YES;
				CLANG_WARN_BLOCK_CAPTURE_AUTORELEASING = YES;
				CLANG_WARN_BOOL_CONVERSION = YES;
				CLANG_WARN_COMMA = YES;
				CLANG_WARN_CONSTANT_CONVERSION = YES;
				CLANG_WARN_DEPRECATED_OBJC_IMPLEMENTATIONS = YES;
				CLANG_WARN_DIRECT_OBJC_ISA_USAGE = YES_ERROR;
				CLANG_WARN_DOCUMENTATION_COMMENTS = YES;
				CLANG_WARN_EMPTY_BODY = YES;
				CLANG_WARN_ENUM_CONVERSION = YES;
				CLANG_WARN_INFINITE_RECURSION = YES;
				CLANG_WARN_INT_CONVERSION = YES;
				CLANG_WARN_NON_LITERAL_NULL_CONVERSION = YES;
				CLANG_WARN_OBJC_IMPLICIT_RETAIN_SELF = YES;
				CLANG_WARN_OBJC_LITERAL_CONVERSION = YES;
				CLANG_WARN_OBJC_ROOT_CLASS = YES_ERROR;
				CLANG_WARN_QUOTED_INCLUDE_IN_FRAMEWORK_HEADER = YES;
				CLANG_WARN_RANGE_LOOP_ANALYSIS = YES;
				CLANG_WARN_STRICT_PROTOTYPES = YES;
				CLANG_WARN_SUSPICIOUS_MOVE = YES;
				CLANG_WARN_UNGUARDED_AVAILABILITY = YES_AGGRESSIVE;
				CLANG_WARN_UNREACHABLE_CODE = YES;
				CLANG_WARN__DUPLICATE_METHOD_MATCH = YES;
				COPY_PHASE_STRIP = NO;
				DEBUG_INFORMATION_FORMAT = "dwarf-with-dsym";
				ENABLE_NS_ASSERTIONS = NO;
				ENABLE_STRICT_OBJC_MSGSEND = YES;
				ENABLE_USER_SCRIPT_SANDBOXING = YES;
				GCC_C_LANGUAGE_STANDARD = gnu17;
				GCC_NO_COMMON_BLOCKS = YES;
				GCC_WARN_64_TO_32_BIT_CONVERSION = YES;
				GCC_WARN_ABOUT_RETURN_TYPE = YES_ERROR;
				GCC_WARN_UNDECLARED_SELECTOR = YES;
				GCC_WARN_UNINITIALIZED_AUTOS = YES_AGGRESSIVE;
				GCC_WARN_UNUSED_FUNCTION = YES;
				GCC_WARN_UNUSED_VARIABLE = YES;
				IPHONEOS_DEPLOYMENT_TARGET = 17.2;
				LOCALIZATION_PREFERS_STRING_CATALOGS = YES;
				MTL_ENABLE_DEBUG_INFO = NO;
				MTL_FAST_MATH = YES;
				SDKROOT = iphoneos;
				SWIFT_COMPILATION_MODE = wholemodule;
				VALIDATE_PRODUCT = YES;
			};
			name = Release;
		};
		E067D0322F04FFA80091B6D5 /* Debug */ = {
			isa = XCBuildConfiguration;
			buildSettings = {
				ASSETCATALOG_COMPILER_APPICON_NAME = AppIcon;
				ASSETCATALOG_COMPILER_GLOBAL_ACCENT_COLOR_NAME = AccentColor;
				CODE_SIGN_STYLE = Automatic;
				CURRENT_PROJECT_VERSION = 1;
				DEVELOPMENT_ASSET_PATHS = "\"HealthPi/Preview Content\"";
				DEVELOPMENT_TEAM = P4X42B3D7G;
				ENABLE_PREVIEWS = YES;
				GENERATE_INFOPLIST_FILE = YES;
				INFOPLIST_KEY_UIApplicationSceneManifest_Generation = YES;
				INFOPLIST_KEY_UIApplicationSupportsIndirectInputEvents = YES;
				INFOPLIST_KEY_UILaunchScreen_Generation = YES;
				INFOPLIST_KEY_UISupportedInterfaceOrientations_iPad = "UIInterfaceOrientationPortrait UIInterfaceOrientationPortraitUpsideDown UIInterfaceOrientationLandscapeLeft UIInterfaceOrientationLandscapeRight";
				INFOPLIST_KEY_UISupportedInterfaceOrientations_iPhone = "UIInterfaceOrientationPortrait UIInterfaceOrientationLandscapeLeft UIInterfaceOrientationLandscapeRight";
				LD_RUNPATH_SEARCH_PATHS = (
					"$(inherited)",
					"@executable_path/Frameworks",
				);
				MARKETING_VERSION = 1.0;
				PRODUCT_BUNDLE_IDENTIFIER = com.HealthPi;
				PRODUCT_NAME = "$(TARGET_NAME)";
				SWIFT_EMIT_LOC_STRINGS = YES;
				SWIFT_VERSION = 5.0;
				TARGETED_DEVICE_FAMILY = "1,2";
			};
			name = Debug;
		};
		E067D0332F04FFA80091B6D5 /* Release */ = {
			isa = XCBuildConfiguration;
			buildSettings = {
				ASSETCATALOG_COMPILER_APPICON_NAME = AppIcon;
				ASSETCATALOG_COMPILER_GLOBAL_ACCENT_COLOR_NAME = AccentColor;
				CODE_SIGN_STYLE = Automatic;
				CURRENT_PROJECT_VERSION = 1;
				DEVELOPMENT_ASSET_PATHS = "\"HealthPi/Preview Content\"";
				DEVELOPMENT_TEAM = P4X42B3D7G;
				ENABLE_PREVIEWS = YES;
				GENERATE_INFOPLIST_FILE = YES;
				INFOPLIST_KEY_UIApplicationSceneManifest_Generation = YES;
				INFOPLIST_KEY_UIApplicationSupportsIndirectInputEvents = YES;
				INFOPLIST_KEY_UILaunchScreen_Generation = YES;
				INFOPLIST_KEY_UISupportedInterfaceOrientations_iPad = "UIInterfaceOrientationPortrait UIInterfaceOrientationPortraitUpsideDown UIInterfaceOrientationLandscapeLeft UIInterfaceOrientationLandscapeRight";
				INFOPLIST_KEY_UISupportedInterfaceOrientations_iPhone = "UIInterfaceOrientationPortrait UIInterfaceOrientationLandscapeLeft UIInterfaceOrientationLandscapeRight";
				LD_RUNPATH_SEARCH_PATHS = (
					"$(inherited)",
					"@executable_path/Frameworks",
				);
				MARKETING_VERSION = 1.0;
				PRODUCT_BUNDLE_IDENTIFIER = com.HealthPi;
				PRODUCT_NAME = "$(TARGET_NAME)";
				SWIFT_EMIT_LOC_STRINGS = YES;
				SWIFT_VERSION = 5.0;
				TARGETED_DEVICE_FAMILY = "1,2";
			};
			name = Release;
		};
		E067D0352F04FFA80091B6D5 /* Debug */ = {
			isa = XCBuildConfiguration;
			buildSettings = {
				ALWAYS_EMBED_SWIFT_STANDARD_LIBRARIES = YES;
				BUNDLE_LOADER = "$(TEST_HOST)";
				CODE_SIGN_STYLE = Automatic;
				CURRENT_PROJECT_VERSION = 1;
				DEVELOPMENT_TEAM = P4X42B3D7G;
				GENERATE_INFOPLIST_FILE = YES;
				IPHONEOS_DEPLOYMENT_TARGET = 17.2;
				MARKETING_VERSION = 1.0;
				PRODUCT_BUNDLE_IDENTIFIER = com.HealthPiTests;
				PRODUCT_NAME = "$(TARGET_NAME)";
				SWIFT_EMIT_LOC_STRINGS = NO;
				SWIFT_VERSION = 5.0;
				TARGETED_DEVICE_FAMILY = "1,2";
				TEST_HOST = "$(BUILT_PRODUCTS_DIR)/HealthPi.app/$(BUNDLE_EXECUTABLE_FOLDER_PATH)/HealthPi";
			};
			name = Debug;
		};
		E067D0362F04FFA80091B6D5 /* Release */ = {
			isa = XCBuildConfiguration;
			buildSettings = {
				ALWAYS_EMBED_SWIFT_STANDARD_LIBRARIES = YES;
				BUNDLE_LOADER = "$(TEST_HOST)";
				CODE_SIGN_STYLE = Automatic;
				CURRENT_PROJECT_VERSION = 1;
				DEVELOPMENT_TEAM = P4X42B3D7G;
				GENERATE_INFOPLIST_FILE = YES;
				IPHONEOS_DEPLOYMENT_TARGET = 17.2;
				MARKETING_VERSION = 1.0;
				PRODUCT_BUNDLE_IDENTIFIER = com.HealthPiTests;
				PRODUCT_NAME = "$(TARGET_NAME)";
				SWIFT_EMIT_LOC_STRINGS = NO;
				SWIFT_VERSION = 5.0;
				TARGETED_DEVICE_FAMILY = "1,2";
				TEST_HOST = "$(BUILT_PRODUCTS_DIR)/HealthPi.app/$(BUNDLE_EXECUTABLE_FOLDER_PATH)/HealthPi";
			};
			name = Release;
		};
		E067D0382F04FFA80091B6D5 /* Debug */ = {
			isa = XCBuildConfiguration;
			buildSettings = {
				ALWAYS_EMBED_SWIFT_STANDARD_LIBRARIES = YES;
				CODE_SIGN_STYLE = Automatic;
				CURRENT_PROJECT_VERSION = 1;
				DEVELOPMENT_TEAM = P4X42B3D7G;
				GENERATE_INFOPLIST_FILE = YES;
				MARKETING_VERSION = 1.0;
				PRODUCT_BUNDLE_IDENTIFIER = com.HealthPiUITests;
				PRODUCT_NAME = "$(TARGET_NAME)";
				SWIFT_EMIT_LOC_STRINGS = NO;
				SWIFT_VERSION = 5.0;
				TARGETED_DEVICE_FAMILY = "1,2";
				TEST_TARGET_NAME = HealthPi;
			};
			name = Debug;
		};
		E067D0392F04FFA80091B6D5 /* Release */ = {
			isa = XCBuildConfiguration;
			buildSettings = {
				ALWAYS_EMBED_SWIFT_STANDARD_LIBRARIES = YES;
				CODE_SIGN_STYLE = Automatic;
				CURRENT_PROJECT_VERSION = 1;
				DEVELOPMENT_TEAM = P4X42B3D7G;
				GENERATE_INFOPLIST_FILE = YES;
				MARKETING_VERSION = 1.0;
				PRODUCT_BUNDLE_IDENTIFIER = com.HealthPiUITests;
				PRODUCT_NAME = "$(TARGET_NAME)";
				SWIFT_EMIT_LOC_STRINGS = NO;
				SWIFT_VERSION = 5.0;
				TARGETED_DEVICE_FAMILY = "1,2";
				TEST_TARGET_NAME = HealthPi;
			};
			name = Release;
		};
/* End XCBuildConfiguration section */

/* Begin XCConfigurationList section */
		E067D0062F04FFA50091B6D5 /* Build configuration list for PBXProject "HealthPi" */ = {
			isa = XCConfigurationList;
			buildConfigurations = (
				E067D02F2F04FFA80091B6D5 /* Debug */,
				E067D0302F04FFA80091B6D5 /* Release */,
			);
			defaultConfigurationIsVisible = 0;
			defaultConfigurationName = Release;
		};
		E067D0312F04FFA80091B6D5 /* Build configuration list for PBXNativeTarget "HealthPi" */ = {
			isa = XCConfigurationList;
			buildConfigurations = (
				E067D0322F04FFA80091B6D5 /* Debug */,
				E067D0332F04FFA80091B6D5 /* Release */,
			);
			defaultConfigurationIsVisible = 0;
			defaultConfigurationName = Release;
		};
		E067D0342F04FFA80091B6D5 /* Build configuration list for PBXNativeTarget "HealthPiTests" */ = {
			isa = XCConfigurationList;
			buildConfigurations = (
				E067D0352F04FFA80091B6D5 /* Debug */,
				E067D0362F04FFA80091B6D5 /* Release */,
			);
			defaultConfigurationIsVisible = 0;
			defaultConfigurationName = Release;
		};
		E067D0372F04FFA80091B6D5 /* Build configuration list for PBXNativeTarget "HealthPiUITests" */ = {
			isa = XCConfigurationList;
			buildConfigurations = (
				E067D0382F04FFA80091B6D5 /* Debug */,
				E067D0392F04FFA80091B6D5 /* Release */,
			);
			defaultConfigurationIsVisible = 0;
			defaultConfigurationName = Release;
		};
/* End XCConfigurationList section */
	};
	rootObject = E067D0032F04FFA50091B6D5 /* Project object */;
}
